
Microsoft Visual Studio Solution File, Format Version 12.00
# Visual Studio 15
VisualStudioVersion = 15.0.28010.2019
MinimumVisualStudioVersion = 10.0.40219.1
Project("{FAE04EC0-301F-11D3-BF4B-00C04F79EFBC}") = "cserelgetojatekgyak", "cserelgetojatekgyak\cserelgetojatekgyak.csproj", "{625D1C48-F982-46A3-B4A4-4928C0F8A2B8}"
EndProject
Global
	GlobalSection(SolutionConfigurationPlatforms) = preSolution
		Debug|Any CPU = Debug|Any CPU
		Release|Any CPU = Release|Any CPU
	EndGlobalSection
	GlobalSection(ProjectConfigurationPlatforms) = postSolution
		{625D1C48-F982-46A3-B4A4-4928C0F8A2B8}.Debug|Any CPU.ActiveCfg = Debug|Any CPU
		{625D1C48-F982-46A3-B4A4-4928C0F8A2B8}.Debug|Any CPU.Build.0 = Debug|Any CPU
		{625D1C48-F982-46A3-B4A4-4928C0F8A2B8}.Release|Any CPU.ActiveCfg = Release|Any CPU
		{625D1C48-F982-46A3-B4A4-4928C0F8A2B8}.Release|Any CPU.Build.0 = Release|Any CPU
	EndGlobalSection
	GlobalSection(SolutionProperties) = preSolution
		HideSolutionNode = FALSE
	EndGlobalSection
	GlobalSection(ExtensibilityGlobals) = postSolution
		SolutionGuid = {A75CBF23-6378-4E14-8486-C9DE77916A8A}
	EndGlobalSection
EndGlobal
