
Microsoft Visual Studio Solution File, Format Version 12.00
# Visual Studio 15
VisualStudioVersion = 15.0.28010.2019
MinimumVisualStudioVersion = 10.0.40219.1
Project("{FAE04EC0-301F-11D3-BF4B-00C04F79EFBC}") = "ConsoleApp2", "ConsoleApp2\ConsoleApp2.csproj", "{B6925465-2761-4591-9B96-2FA30E8C291A}"
EndProject
Global
	GlobalSection(SolutionConfigurationPlatforms) = preSolution
		Debug|Any CPU = Debug|Any CPU
		Release|Any CPU = Release|Any CPU
	EndGlobalSection
	GlobalSection(ProjectConfigurationPlatforms) = postSolution
		{B6925465-2761-4591-9B96-2FA30E8C291A}.Debug|Any CPU.ActiveCfg = Debug|Any CPU
		{B6925465-2761-4591-9B96-2FA30E8C291A}.Debug|Any CPU.Build.0 = Debug|Any CPU
		{B6925465-2761-4591-9B96-2FA30E8C291A}.Release|Any CPU.ActiveCfg = Release|Any CPU
		{B6925465-2761-4591-9B96-2FA30E8C291A}.Release|Any CPU.Build.0 = Release|Any CPU
	EndGlobalSection
	GlobalSection(SolutionProperties) = preSolution
		HideSolutionNode = FALSE
	EndGlobalSection
	GlobalSection(ExtensibilityGlobals) = postSolution
		SolutionGuid = {0C439F19-66D0-4000-B3B5-F8EEDBC70808}
	EndGlobalSection
EndGlobal
