
Microsoft Visual Studio Solution File, Format Version 12.00
# Visual Studio 15
VisualStudioVersion = 15.0.28010.2019
MinimumVisualStudioVersion = 10.0.40219.1
Project("{FAE04EC0-301F-11D3-BF4B-00C04F79EFBC}") = "ConsoleApp2", "ConsoleApp2\ConsoleApp2.csproj", "{1CF602A8-1898-4B1D-A771-0D6824583206}"
EndProject
Global
	GlobalSection(SolutionConfigurationPlatforms) = preSolution
		Debug|Any CPU = Debug|Any CPU
		Release|Any CPU = Release|Any CPU
	EndGlobalSection
	GlobalSection(ProjectConfigurationPlatforms) = postSolution
		{1CF602A8-1898-4B1D-A771-0D6824583206}.Debug|Any CPU.ActiveCfg = Debug|Any CPU
		{1CF602A8-1898-4B1D-A771-0D6824583206}.Debug|Any CPU.Build.0 = Debug|Any CPU
		{1CF602A8-1898-4B1D-A771-0D6824583206}.Release|Any CPU.ActiveCfg = Release|Any CPU
		{1CF602A8-1898-4B1D-A771-0D6824583206}.Release|Any CPU.Build.0 = Release|Any CPU
	EndGlobalSection
	GlobalSection(SolutionProperties) = preSolution
		HideSolutionNode = FALSE
	EndGlobalSection
	GlobalSection(ExtensibilityGlobals) = postSolution
		SolutionGuid = {0236986B-933D-4BC5-A5A2-B3958C582CE8}
	EndGlobalSection
EndGlobal
